Microsoft Visual Studio Solution File, Format Version 12.00
# Visual Studio 2012
Project("{FAE04EC0-301F-11D3-BF4B-00C04F79EFBC}") = "Dodge The Creeps Refactored", "DodgeTheCreepsRefactored.csproj", "{700FEE4A-BE18-4BDA-BB2A-CF38CC5C5D8D}"
EndProject
Global
	GlobalSection(SolutionConfigurationPlatforms) = preSolution
	Debug|Any CPU = Debug|Any CPU
	ExportDebug|Any CPU = ExportDebug|Any CPU
	ExportRelease|Any CPU = ExportRelease|Any CPU
	EndGlobalSection
	GlobalSection(ProjectConfigurationPlatforms) = postSolution
		{700FEE4A-BE18-4BDA-BB2A-CF38CC5C5D8D}.Debug|Any CPU.ActiveCfg = Debug|Any CPU
		{700FEE4A-BE18-4BDA-BB2A-CF38CC5C5D8D}.Debug|Any CPU.Build.0 = Debug|Any CPU
		{700FEE4A-BE18-4BDA-BB2A-CF38CC5C5D8D}.ExportDebug|Any CPU.ActiveCfg = ExportDebug|Any CPU
		{700FEE4A-BE18-4BDA-BB2A-CF38CC5C5D8D}.ExportDebug|Any CPU.Build.0 = ExportDebug|Any CPU
		{700FEE4A-BE18-4BDA-BB2A-CF38CC5C5D8D}.ExportRelease|Any CPU.ActiveCfg = ExportRelease|Any CPU
		{700FEE4A-BE18-4BDA-BB2A-CF38CC5C5D8D}.ExportRelease|Any CPU.Build.0 = ExportRelease|Any CPU
	EndGlobalSection
EndGlobal
